// !$*UTF8*$!
{
	archiveVersion = 1;
	classes = {
	};
	objectVersion = 55;
	objects = {

/* Begin PBXBuildFile section */
		2B7D1E242910F89C005A5FDC /* AppDelegate.swift in Sources */ = {isa = PBXBuildFile; fileRef = 2B7D1E232910F89C005A5FDC /* AppDelegate.swift */; };
		2B7D1E262910F89C005A5FDC /* SceneDelegate.swift in Sources */ = {isa = PBXBuildFile; fileRef = 2B7D1E252910F89C005A5FDC /* SceneDelegate.swift */; };
		2B7D1E2B2910F89C005A5FDC /* Main.storyboard in Resources */ = {isa = PBXBuildFile; fileRef = 2B7D1E292910F89C005A5FDC /* Main.storyboard */; };
		2B7D1E2D2910F89F005A5FDC /* Assets.xcassets in Resources */ = {isa = PBXBuildFile; fileRef = 2B7D1E2C2910F89F005A5FDC /* Assets.xcassets */; };
		2B7D1E302910F89F005A5FDC /* LaunchScreen.storyboard in Resources */ = {isa = PBXBuildFile; fileRef = 2B7D1E2E2910F89F005A5FDC /* LaunchScreen.storyboard */; };
		2B7D1E382910F8BE005A5FDC /* GitHubSearchViewController.swift in Sources */ = {isa = PBXBuildFile; fileRef = 2B7D1E372910F8BE005A5FDC /* GitHubSearchViewController.swift */; };
		2B7D1E3A2910FA90005A5FDC /* GitHubSearchViewReactor.swift in Sources */ = {isa = PBXBuildFile; fileRef = 2B7D1E392910FA90005A5FDC /* GitHubSearchViewReactor.swift */; };
		2B7D1E3D2910FAC3005A5FDC /* ReactorKit in Frameworks */ = {isa = PBXBuildFile; productRef = 2B7D1E3C2910FAC3005A5FDC /* ReactorKit */; };
		2B7D1E402910FC1C005A5FDC /* RxCocoa in Frameworks */ = {isa = PBXBuildFile; productRef = 2B7D1E3F2910FC1C005A5FDC /* RxCocoa */; };
/* End PBXBuildFile section */

/* Begin PBXFileReference section */
		2B7D1E202910F89C005A5FDC /* GitHubSearchClone.app */ = {isa = PBXFileReference; explicitFileType = wrapper.application; includeInIndex = 0; path = GitHubSearchClone.app; sourceTree = BUILT_PRODUCTS_DIR; };
		2B7D1E232910F89C005A5FDC /* AppDelegate.swift */ = {isa = PBXFileReference; lastKnownFileType = sourcecode.swift; path = AppDelegate.swift; sourceTree = "<group>"; };
		2B7D1E252910F89C005A5FDC /* SceneDelegate.swift */ = {isa = PBXFileReference; lastKnownFileType = sourcecode.swift; path = SceneDelegate.swift; sourceTree = "<group>"; };
		2B7D1E2A2910F89C005A5FDC /* Base */ = {isa = PBXFileReference; lastKnownFileType = file.storyboard; name = Base; path = Base.lproj/Main.storyboard; sourceTree = "<group>"; };
		2B7D1E2C2910F89F005A5FDC /* Assets.xcassets */ = {isa = PBXFileReference; lastKnownFileType = folder.assetcatalog; path = Assets.xcassets; sourceTree = "<group>"; };
		2B7D1E2F2910F89F005A5FDC /* Base */ = {isa = PBXFileReference; lastKnownFileType = file.storyboard; name = Base; path = Base.lproj/LaunchScreen.storyboard; sourceTree = "<group>"; };
		2B7D1E312910F89F005A5FDC /* Info.plist */ = {isa = PBXFileReference; lastKnownFileType = text.plist.xml; path = Info.plist; sourceTree = "<group>"; };
		2B7D1E372910F8BE005A5FDC /* GitHubSearchViewController.swift */ = {isa = PBXFileReference; lastKnownFileType = sourcecode.swift; path = GitHubSearchViewController.swift; sourceTree = "<group>"; };
		2B7D1E392910FA90005A5FDC /* GitHubSearchViewReactor.swift */ = {isa = PBXFileReference; lastKnownFileType = sourcecode.swift; path = GitHubSearchViewReactor.swift; sourceTree = "<group>"; };
/* End PBXFileReference section */

/* Begin PBXFrameworksBuildPhase section */
		2B7D1E1D2910F89C005A5FDC /* Frameworks */ = {
			isa = PBXFrameworksBuildPhase;
			buildActionMask = 2147483647;
			files = (
				2B7D1E402910FC1C005A5FDC /* RxCocoa in Frameworks */,
				2B7D1E3D2910FAC3005A5FDC /* ReactorKit in Frameworks */,
			);
			runOnlyForDeploymentPostprocessing = 0;
		};
/* End PBXFrameworksBuildPhase section */

/* Begin PBXGroup section */
		2B7D1E172910F89C005A5FDC = {
			isa = PBXGroup;
			children = (
				2B7D1E222910F89C005A5FDC /* GitHubSearchClone */,
				2B7D1E212910F89C005A5FDC /* Products */,
			);
			sourceTree = "<group>";
		};
		2B7D1E212910F89C005A5FDC /* Products */ = {
			isa = PBXGroup;
			children = (
				2B7D1E202910F89C005A5FDC /* GitHubSearchClone.app */,
			);
			name = Products;
			sourceTree = "<group>";
		};
		2B7D1E222910F89C005A5FDC /* GitHubSearchClone */ = {
			isa = PBXGroup;
			children = (
				2B7D1E232910F89C005A5FDC /* AppDelegate.swift */,
				2B7D1E252910F89C005A5FDC /* SceneDelegate.swift */,
				2B7D1E292910F89C005A5FDC /* Main.storyboard */,
				2B7D1E372910F8BE005A5FDC /* GitHubSearchViewController.swift */,
				2B7D1E392910FA90005A5FDC /* GitHubSearchViewReactor.swift */,
				2B7D1E2C2910F89F005A5FDC /* Assets.xcassets */,
				2B7D1E2E2910F89F005A5FDC /* LaunchScreen.storyboard */,
				2B7D1E312910F89F005A5FDC /* Info.plist */,
			);
			path = GitHubSearchClone;
			sourceTree = "<group>";
		};
/* End PBXGroup section */

/* Begin PBXNativeTarget section */
		2B7D1E1F2910F89C005A5FDC /* GitHubSearchClone */ = {
			isa = PBXNativeTarget;
			buildConfigurationList = 2B7D1E342910F89F005A5FDC /* Build configuration list for PBXNativeTarget "GitHubSearchClone" */;
			buildPhases = (
				2B7D1E1C2910F89C005A5FDC /* Sources */,
				2B7D1E1D2910F89C005A5FDC /* Frameworks */,
				2B7D1E1E2910F89C005A5FDC /* Resources */,
			);
			buildRules = (
			);
			dependencies = (
			);
			name = GitHubSearchClone;
			packageProductDependencies = (
				2B7D1E3C2910FAC3005A5FDC /* ReactorKit */,
				2B7D1E3F2910FC1C005A5FDC /* RxCocoa */,
			);
			productName = GitHubSearchClone;
			productReference = 2B7D1E202910F89C005A5FDC /* GitHubSearchClone.app */;
			productType = "com.apple.product-type.application";
		};
/* End PBXNativeTarget section */

/* Begin PBXProject section */
		2B7D1E182910F89C005A5FDC /* Project object */ = {
			isa = PBXProject;
			attributes = {
				BuildIndependentTargetsInParallel = 1;
				LastSwiftUpdateCheck = 1330;
				LastUpgradeCheck = 1330;
				TargetAttributes = {
					2B7D1E1F2910F89C005A5FDC = {
						CreatedOnToolsVersion = 13.3;
					};
				};
			};
			buildConfigurationList = 2B7D1E1B2910F89C005A5FDC /* Build configuration list for PBXProject "GitHubSearchClone" */;
			compatibilityVersion = "Xcode 13.0";
			developmentRegion = en;
			hasScannedForEncodings = 0;
			knownRegions = (
				en,
				Base,
			);
			mainGroup = 2B7D1E172910F89C005A5FDC;
			packageReferences = (
				2B7D1E3B2910FAC3005A5FDC /* XCRemoteSwiftPackageReference "ReactorKit" */,
				2B7D1E3E2910FC1C005A5FDC /* XCRemoteSwiftPackageReference "RxSwift" */,
			);
			productRefGroup = 2B7D1E212910F89C005A5FDC /* Products */;
			projectDirPath = "";
			projectRoot = "";
			targets = (
				2B7D1E1F2910F89C005A5FDC /* GitHubSearchClone */,
			);
		};
/* End PBXProject section */

/* Begin PBXResourcesBuildPhase section */
		2B7D1E1E2910F89C005A5FDC /* Resources */ = {
			isa = PBXResourcesBuildPhase;
			buildActionMask = 2147483647;
			files = (
				2B7D1E302910F89F005A5FDC /* LaunchScreen.storyboard in Resources */,
				2B7D1E2D2910F89F005A5FDC /* Assets.xcassets in Resources */,
				2B7D1E2B2910F89C005A5FDC /* Main.storyboard in Resources */,
			);
			runOnlyForDeploymentPostprocessing = 0;
		};
/* End PBXResourcesBuildPhase section */

/* Begin PBXSourcesBuildPhase section */
		2B7D1E1C2910F89C005A5FDC /* Sources */ = {
			isa = PBXSourcesBuildPhase;
			buildActionMask = 2147483647;
			files = (
				2B7D1E3A2910FA90005A5FDC /* GitHubSearchViewReactor.swift in Sources */,
				2B7D1E382910F8BE005A5FDC /* GitHubSearchViewController.swift in Sources */,
				2B7D1E242910F89C005A5FDC /* AppDelegate.swift in Sources */,
				2B7D1E262910F89C005A5FDC /* SceneDelegate.swift in Sources */,
			);
			runOnlyForDeploymentPostprocessing = 0;
		};
/* End PBXSourcesBuildPhase section */

/* Begin PBXVariantGroup section */
		2B7D1E292910F89C005A5FDC /* Main.storyboard */ = {
			isa = PBXVariantGroup;
			children = (
				2B7D1E2A2910F89C005A5FDC /* Base */,
			);
			name = Main.storyboard;
			sourceTree = "<group>";
		};
		2B7D1E2E2910F89F005A5FDC /* LaunchScreen.storyboard */ = {
			isa = PBXVariantGroup;
			children = (
				2B7D1E2F2910F89F005A5FDC /* Base */,
			);
			name = LaunchScreen.storyboard;
			sourceTree = "<group>";
		};
/* End PBXVariantGroup section */

/* Begin XCBuildConfiguration section */
		2B7D1E322910F89F005A5FDC /* Debug */ = {
			isa = XCBuildConfiguration;
			buildSettings = {
				ALWAYS_SEARCH_USER_PATHS = NO;
				CLANG_ANALYZER_NONNULL = YES;
				CLANG_ANALYZER_NUMBER_OBJECT_CONVERSION = YES_AGGRESSIVE;
				CLANG_CXX_LANGUAGE_STANDARD = "gnu++17";
				CLANG_ENABLE_MODULES = YES;
				CLANG_ENABLE_OBJC_ARC = YES;
				CLANG_ENABLE_OBJC_WEAK = YES;
				CLANG_WARN_BLOCK_CAPTURE_AUTORELEASING = YES;
				CLANG_WARN_BOOL_CONVERSION = YES;
				CLANG_WARN_COMMA = YES;
				CLANG_WARN_CONSTANT_CONVERSION = YES;
				CLANG_WARN_DEPRECATED_OBJC_IMPLEMENTATIONS = YES;
				CLANG_WARN_DIRECT_OBJC_ISA_USAGE = YES_ERROR;
				CLANG_WARN_DOCUMENTATION_COMMENTS = YES;
				CLANG_WARN_EMPTY_BODY = YES;
				CLANG_WARN_ENUM_CONVERSION = YES;
				CLANG_WARN_INFINITE_RECURSION = YES;
				CLANG_WARN_INT_CONVERSION = YES;
				CLANG_WARN_NON_LITERAL_NULL_CONVERSION = YES;
				CLANG_WARN_OBJC_IMPLICIT_RETAIN_SELF = YES;
				CLANG_WARN_OBJC_LITERAL_CONVERSION = YES;
				CLANG_WARN_OBJC_ROOT_CLASS = YES_ERROR;
				CLANG_WARN_QUOTED_INCLUDE_IN_FRAMEWORK_HEADER = YES;
				CLANG_WARN_RANGE_LOOP_ANALYSIS = YES;
				CLANG_WARN_STRICT_PROTOTYPES = YES;
				CLANG_WARN_SUSPICIOUS_MOVE = YES;
				CLANG_WARN_UNGUARDED_AVAILABILITY = YES_AGGRESSIVE;
				CLANG_WARN_UNREACHABLE_CODE = YES;
				CLANG_WARN__DUPLICATE_METHOD_MATCH = YES;
				COPY_PHASE_STRIP = NO;
				DEBUG_INFORMATION_FORMAT = dwarf;
				ENABLE_STRICT_OBJC_MSGSEND = YES;
				ENABLE_TESTABILITY = YES;
				GCC_C_LANGUAGE_STANDARD = gnu11;
				GCC_DYNAMIC_NO_PIC = NO;
				GCC_NO_COMMON_BLOCKS = YES;
				GCC_OPTIMIZATION_LEVEL = 0;
				GCC_PREPROCESSOR_DEFINITIONS = (
					"DEBUG=1",
					"$(inherited)",
				);
				GCC_WARN_64_TO_32_BIT_CONVERSION = YES;
				GCC_WARN_ABOUT_RETURN_TYPE = YES_ERROR;
				GCC_WARN_UNDECLARED_SELECTOR = YES;
				GCC_WARN_UNINITIALIZED_AUTOS = YES_AGGRESSIVE;
				GCC_WARN_UNUSED_FUNCTION = YES;
				GCC_WARN_UNUSED_VARIABLE = YES;
				IPHONEOS_DEPLOYMENT_TARGET = 15.4;
				MTL_ENABLE_DEBUG_INFO = INCLUDE_SOURCE;
				MTL_FAST_MATH = YES;
				ONLY_ACTIVE_ARCH = YES;
				SDKROOT = iphoneos;
				SWIFT_ACTIVE_COMPILATION_CONDITIONS = DEBUG;
				SWIFT_OPTIMIZATION_LEVEL = "-Onone";
			};
			name = Debug;
		};
		2B7D1E332910F89F005A5FDC /* Release */ = {
			isa = XCBuildConfiguration;
			buildSettings = {
				ALWAYS_SEARCH_USER_PATHS = NO;
				CLANG_ANALYZER_NONNULL = YES;
				CLANG_ANALYZER_NUMBER_OBJECT_CONVERSION = YES_AGGRESSIVE;
				CLANG_CXX_LANGUAGE_STANDARD = "gnu++17";
				CLANG_ENABLE_MODULES = YES;
				CLANG_ENABLE_OBJC_ARC = YES;
				CLANG_ENABLE_OBJC_WEAK = YES;
				CLANG_WARN_BLOCK_CAPTURE_AUTORELEASING = YES;
				CLANG_WARN_BOOL_CONVERSION = YES;
				CLANG_WARN_COMMA = YES;
				CLANG_WARN_CONSTANT_CONVERSION = YES;
				CLANG_WARN_DEPRECATED_OBJC_IMPLEMENTATIONS = YES;
				CLANG_WARN_DIRECT_OBJC_ISA_USAGE = YES_ERROR;
				CLANG_WARN_DOCUMENTATION_COMMENTS = YES;
				CLANG_WARN_EMPTY_BODY = YES;
				CLANG_WARN_ENUM_CONVERSION = YES;
				CLANG_WARN_INFINITE_RECURSION = YES;
				CLANG_WARN_INT_CONVERSION = YES;
				CLANG_WARN_NON_LITERAL_NULL_CONVERSION = YES;
				CLANG_WARN_OBJC_IMPLICIT_RETAIN_SELF = YES;
				CLANG_WARN_OBJC_LITERAL_CONVERSION = YES;
				CLANG_WARN_OBJC_ROOT_CLASS = YES_ERROR;
				CLANG_WARN_QUOTED_INCLUDE_IN_FRAMEWORK_HEADER = YES;
				CLANG_WARN_RANGE_LOOP_ANALYSIS = YES;
				CLANG_WARN_STRICT_PROTOTYPES = YES;
				CLANG_WARN_SUSPICIOUS_MOVE = YES;
				CLANG_WARN_UNGUARDED_AVAILABILITY = YES_AGGRESSIVE;
				CLANG_WARN_UNREACHABLE_CODE = YES;
				CLANG_WARN__DUPLICATE_METHOD_MATCH = YES;
				COPY_PHASE_STRIP = NO;
				DEBUG_INFORMATION_FORMAT = "dwarf-with-dsym";
				ENABLE_NS_ASSERTIONS = NO;
				ENABLE_STRICT_OBJC_MSGSEND = YES;
				GCC_C_LANGUAGE_STANDARD = gnu11;
				GCC_NO_COMMON_BLOCKS = YES;
				GCC_WARN_64_TO_32_BIT_CONVERSION = YES;
				GCC_WARN_ABOUT_RETURN_TYPE = YES_ERROR;
				GCC_WARN_UNDECLARED_SELECTOR = YES;
				GCC_WARN_UNINITIALIZED_AUTOS = YES_AGGRESSIVE;
				GCC_WARN_UNUSED_FUNCTION = YES;
				GCC_WARN_UNUSED_VARIABLE = YES;
				IPHONEOS_DEPLOYMENT_TARGET = 15.4;
				MTL_ENABLE_DEBUG_INFO = NO;
				MTL_FAST_MATH = YES;
				SDKROOT = iphoneos;
				SWIFT_COMPILATION_MODE = wholemodule;
				SWIFT_OPTIMIZATION_LEVEL = "-O";
				VALIDATE_PRODUCT = YES;
			};
			name = Release;
		};
		2B7D1E352910F89F005A5FDC /* Debug */ = {
			isa = XCBuildConfiguration;
			buildSettings = {
				ASSETCATALOG_COMPILER_APPICON_NAME = AppIcon;
				ASSETCATALOG_COMPILER_GLOBAL_ACCENT_COLOR_NAME = AccentColor;
				CODE_SIGN_STYLE = Automatic;
				CURRENT_PROJECT_VERSION = 1;
				DEVELOPMENT_TEAM = 2Q6MH57SWY;
				GENERATE_INFOPLIST_FILE = YES;
				INFOPLIST_FILE = GitHubSearchClone/Info.plist;
				INFOPLIST_KEY_UIApplicationSupportsIndirectInputEvents = YES;
				INFOPLIST_KEY_UILaunchStoryboardName = LaunchScreen;
				INFOPLIST_KEY_UIMainStoryboardFile = Main;
				INFOPLIST_KEY_UISupportedInterfaceOrientations_iPad = "UIInterfaceOrientationPortrait UIInterfaceOrientationPortraitUpsideDown UIInterfaceOrientationLandscapeLeft UIInterfaceOrientationLandscapeRight";
				INFOPLIST_KEY_UISupportedInterfaceOrientations_iPhone = "UIInterfaceOrientationPortrait UIInterfaceOrientationLandscapeLeft UIInterfaceOrientationLandscapeRight";
				LD_RUNPATH_SEARCH_PATHS = (
					"$(inherited)",
					"@executable_path/Frameworks",
				);
				MARKETING_VERSION = 1.0;
				PRODUCT_BUNDLE_IDENTIFIER = com.jsy.GitHubSearchClone;
				PRODUCT_NAME = "$(TARGET_NAME)";
				SWIFT_EMIT_LOC_STRINGS = YES;
				SWIFT_VERSION = 5.0;
				TARGETED_DEVICE_FAMILY = "1,2";
			};
			name = Debug;
		};
		2B7D1E362910F89F005A5FDC /* Release */ = {
			isa = XCBuildConfiguration;
			buildSettings = {
				ASSETCATALOG_COMPILER_APPICON_NAME = AppIcon;
				ASSETCATALOG_COMPILER_GLOBAL_ACCENT_COLOR_NAME = AccentColor;
				CODE_SIGN_STYLE = Automatic;
				CURRENT_PROJECT_VERSION = 1;
				DEVELOPMENT_TEAM = 2Q6MH57SWY;
				GENERATE_INFOPLIST_FILE = YES;
				INFOPLIST_FILE = GitHubSearchClone/Info.plist;
				INFOPLIST_KEY_UIApplicationSupportsIndirectInputEvents = YES;
				INFOPLIST_KEY_UILaunchStoryboardName = LaunchScreen;
				INFOPLIST_KEY_UIMainStoryboardFile = Main;
				INFOPLIST_KEY_UISupportedInterfaceOrientations_iPad = "UIInterfaceOrientationPortrait UIInterfaceOrientationPortraitUpsideDown UIInterfaceOrientationLandscapeLeft UIInterfaceOrientationLandscapeRight";
				INFOPLIST_KEY_UISupportedInterfaceOrientations_iPhone = "UIInterfaceOrientationPortrait UIInterfaceOrientationLandscapeLeft UIInterfaceOrientationLandscapeRight";
				LD_RUNPATH_SEARCH_PATHS = (
					"$(inherited)",
					"@executable_path/Frameworks",
				);
				MARKETING_VERSION = 1.0;
				PRODUCT_BUNDLE_IDENTIFIER = com.jsy.GitHubSearchClone;
				PRODUCT_NAME = "$(TARGET_NAME)";
				SWIFT_EMIT_LOC_STRINGS = YES;
				SWIFT_VERSION = 5.0;
				TARGETED_DEVICE_FAMILY = "1,2";
			};
			name = Release;
		};
/* End XCBuildConfiguration section */

/* Begin XCConfigurationList section */
		2B7D1E1B2910F89C005A5FDC /* Build configuration list for PBXProject "GitHubSearchClone" */ = {
			isa = XCConfigurationList;
			buildConfigurations = (
				2B7D1E322910F89F005A5FDC /* Debug */,
				2B7D1E332910F89F005A5FDC /* Release */,
			);
			defaultConfigurationIsVisible = 0;
			defaultConfigurationName = Release;
		};
		2B7D1E342910F89F005A5FDC /* Build configuration list for PBXNativeTarget "GitHubSearchClone" */ = {
			isa = XCConfigurationList;
			buildConfigurations = (
				2B7D1E352910F89F005A5FDC /* Debug */,
				2B7D1E362910F89F005A5FDC /* Release */,
			);
			defaultConfigurationIsVisible = 0;
			defaultConfigurationName = Release;
		};
/* End XCConfigurationList section */

/* Begin XCRemoteSwiftPackageReference section */
		2B7D1E3B2910FAC3005A5FDC /* XCRemoteSwiftPackageReference "ReactorKit" */ = {
			isa = XCRemoteSwiftPackageReference;
			repositoryURL = "https://github.com/ReactorKit/ReactorKit.git";
			requirement = {
				branch = master;
				kind = branch;
			};
		};
		2B7D1E3E2910FC1C005A5FDC /* XCRemoteSwiftPackageReference "RxSwift" */ = {
			isa = XCRemoteSwiftPackageReference;
			repositoryURL = "https://github.com/ReactiveX/RxSwift";
			requirement = {
				branch = main;
				kind = branch;
			};
		};
/* End XCRemoteSwiftPackageReference section */

/* Begin XCSwiftPackageProductDependency section */
		2B7D1E3C2910FAC3005A5FDC /* ReactorKit */ = {
			isa = XCSwiftPackageProductDependency;
			package = 2B7D1E3B2910FAC3005A5FDC /* XCRemoteSwiftPackageReference "ReactorKit" */;
			productName = ReactorKit;
		};
		2B7D1E3F2910FC1C005A5FDC /* RxCocoa */ = {
			isa = XCSwiftPackageProductDependency;
			package = 2B7D1E3E2910FC1C005A5FDC /* XCRemoteSwiftPackageReference "RxSwift" */;
			productName = RxCocoa;
		};
/* End XCSwiftPackageProductDependency section */
	};
	rootObject = 2B7D1E182910F89C005A5FDC /* Project object */;
}
